
Microsoft Visual Studio Solution File, Format Version 12.00
# Visual Studio Version 17
VisualStudioVersion = 17.10.35013.160
MinimumVisualStudioVersion = 10.0.40219.1
Project("{FAE04EC0-301F-11D3-BF4B-00C04F79EFBC}") = "WebApplication1", "WebApplication1\WebApplication1.csproj", "{09D5E670-9E8D-477D-8F11-21C5A50FE480}"
EndProject
Global
	GlobalSection(SolutionConfigurationPlatforms) = preSolution
		Debug|Any CPU = Debug|Any CPU
		Release|Any CPU = Release|Any CPU
	EndGlobalSection
	GlobalSection(ProjectConfigurationPlatforms) = postSolution
		{09D5E670-9E8D-477D-8F11-21C5A50FE480}.Debug|Any CPU.ActiveCfg = Debug|Any CPU
		{09D5E670-9E8D-477D-8F11-21C5A50FE480}.Debug|Any CPU.Build.0 = Debug|Any CPU
		{09D5E670-9E8D-477D-8F11-21C5A50FE480}.Release|Any CPU.ActiveCfg = Release|Any CPU
		{09D5E670-9E8D-477D-8F11-21C5A50FE480}.Release|Any CPU.Build.0 = Release|Any CPU
	EndGlobalSection
	GlobalSection(SolutionProperties) = preSolution
		HideSolutionNode = FALSE
	EndGlobalSection
	GlobalSection(ExtensibilityGlobals) = postSolution
		SolutionGuid = {5189D953-F39A-4C92-AEF6-9115E7C3A7C2}
	EndGlobalSection
EndGlobal
