
Microsoft Visual Studio Solution File, Format Version 12.00
# Visual Studio Version 17
VisualStudioVersion = 17.10.35013.160
MinimumVisualStudioVersion = 10.0.40219.1
Project("{FAE04EC0-301F-11D3-BF4B-00C04F79EFBC}") = "ConsoleApp3", "ConsoleApp3\ConsoleApp3.csproj", "{5498B0D7-804E-48BE-97FC-C06D24A52A4B}"
EndProject
Global
	GlobalSection(SolutionConfigurationPlatforms) = preSolution
		Debug|Any CPU = Debug|Any CPU
		Release|Any CPU = Release|Any CPU
	EndGlobalSection
	GlobalSection(ProjectConfigurationPlatforms) = postSolution
		{5498B0D7-804E-48BE-97FC-C06D24A52A4B}.Debug|Any CPU.ActiveCfg = Debug|Any CPU
		{5498B0D7-804E-48BE-97FC-C06D24A52A4B}.Debug|Any CPU.Build.0 = Debug|Any CPU
		{5498B0D7-804E-48BE-97FC-C06D24A52A4B}.Release|Any CPU.ActiveCfg = Release|Any CPU
		{5498B0D7-804E-48BE-97FC-C06D24A52A4B}.Release|Any CPU.Build.0 = Release|Any CPU
	EndGlobalSection
	GlobalSection(SolutionProperties) = preSolution
		HideSolutionNode = FALSE
	EndGlobalSection
	GlobalSection(ExtensibilityGlobals) = postSolution
		SolutionGuid = {900D885F-5121-4046-84ED-CD57078CE4BB}
	EndGlobalSection
EndGlobal
